PODS:
  - Flutter (1.0.0)
  - flutter_libsodium (0.0.1):
    - Flutter

DEPENDENCIES:
  - Flutter (from `Flutter`)
  - flutter_libsodium (from `.symlinks/plugins/flutter_libsodium/ios`)

EXTERNAL SOURCES:
  Flutter:
    :path: Flutter
  flutter_libsodium:
    :path: ".symlinks/plugins/flutter_libsodium/ios"

SPEC CHECKSUMS:
  Flutter: 0e3d915762c693b495b44d77113d4970485de6ec
  flutter_libsodium: d85a7a87846c13336ba8435f0090e8f37338a5f0

PODFILE CHECKSUM: c34e2287a9ccaa606aeceab922830efb9a6ff69a

COCOAPODS: 1.9.3
